
Microsoft Visual Studio Solution File, Format Version 10.00
# Visual Studio 2008
Project("{FAE04EC0-301F-11D3-BF4B-00C04F79EFBC}") = "RE4Resigner", "RE4Resigner\RE4Resigner.csproj", "{ACA775BA-4146-4D2E-BD3A-DF558A622F59}"
EndProject
Global
	GlobalSection(SolutionConfigurationPlatforms) = preSolution
		Debug|Any CPU = Debug|Any CPU
		Release|Any CPU = Release|Any CPU
	EndGlobalSection
	GlobalSection(ProjectConfigurationPlatforms) = postSolution
		{ACA775BA-4146-4D2E-BD3A-DF558A622F59}.Debug|Any CPU.ActiveCfg = Debug|Any CPU
		{ACA775BA-4146-4D2E-BD3A-DF558A622F59}.Debug|Any CPU.Build.0 = Debug|Any CPU
		{ACA775BA-4146-4D2E-BD3A-DF558A622F59}.Release|Any CPU.ActiveCfg = Release|Any CPU
		{ACA775BA-4146-4D2E-BD3A-DF558A622F59}.Release|Any CPU.Build.0 = Release|Any CPU
	EndGlobalSection
	GlobalSection(SolutionProperties) = preSolution
		HideSolutionNode = FALSE
	EndGlobalSection
EndGlobal
