
Microsoft Visual Studio Solution File, Format Version 10.00
# Visual Studio 2008
Project("{FAE04EC0-301F-11D3-BF4B-00C04F79EFBC}") = "ForzaProfileTool", "ForzaProfileTool\ForzaProfileTool.csproj", "{1F9B4BE8-3FFC-4828-8007-1EAE0101251C}"
EndProject
Global
	GlobalSection(SolutionConfigurationPlatforms) = preSolution
		Debug|Any CPU = Debug|Any CPU
		Release|Any CPU = Release|Any CPU
	EndGlobalSection
	GlobalSection(ProjectConfigurationPlatforms) = postSolution
		{1F9B4BE8-3FFC-4828-8007-1EAE0101251C}.Debug|Any CPU.ActiveCfg = Debug|Any CPU
		{1F9B4BE8-3FFC-4828-8007-1EAE0101251C}.Debug|Any CPU.Build.0 = Debug|Any CPU
		{1F9B4BE8-3FFC-4828-8007-1EAE0101251C}.Release|Any CPU.ActiveCfg = Release|Any CPU
		{1F9B4BE8-3FFC-4828-8007-1EAE0101251C}.Release|Any CPU.Build.0 = Release|Any CPU
	EndGlobalSection
	GlobalSection(SolutionProperties) = preSolution
		HideSolutionNode = FALSE
	EndGlobalSection
EndGlobal
